{
  "version": 4,
  "terraform_version": "1.7.3",
  "serial": 3,
  "lineage": "0a5ec187-c1c8-e983-5908-eb7e25892002",
  "outputs": {},
  "resources": [
    {
      "mode": "managed",
      "type": "newrelic_one_dashboard",
      "name": "exampledash",
      "provider": "provider[\"registry.terraform.io/newrelic/newrelic\"]",
      "instances": [
        {
          "index_key": 0,
          "schema_version": 0,
          "attributes": {
            "account_id": 4438271,
            "description": null,
            "guid": "NDQzODI3MXxWSVp8REFTSEJPQVJEfGRhOjY1MDE3MjU",
            "id": "NDQzODI3MXxWSVp8REFTSEJPQVJEfGRhOjY1MDE3MjU",
            "name": "preps-dashboard",
            "page": [
              {
                "description": "",
                "guid": "NDQzODI3MXxWSVp8REFTSEJPQVJEfDE5MjE4NDc5",
                "name": "New Relic Terraform",
                "widget_area": [],
                "widget_bar": [
                  {
                    "colors": [],
                    "column": 7,
                    "facet_show_other_series": false,
                    "filter_current_dashboard": false,
                    "height": 3,
                    "id": "268867883",
                    "ignore_time_range": false,
                    "legend_enabled": true,
                    "linked_entity_guids": [],
                    "nrql_query": [
                      {
                        "account_id": 4438271,
                        "query": "SELECT count(*) FROM Transaction  since 7 days ago FACET  weekdayOf(timestamp)"
                      }
                    ],
                    "null_values": [],
                    "row": 1,
                    "title": "bar",
                    "units": [],
                    "width": 6,
                    "y_axis_left_max": 0,
                    "y_axis_left_min": 0
                  },
                  {
                    "colors": [],
                    "column": 7,
                    "facet_show_other_series": false,
                    "filter_current_dashboard": false,
                    "height": 3,
                    "id": "268867884",
                    "ignore_time_range": false,
                    "legend_enabled": true,
                    "linked_entity_guids": [],
                    "nrql_query": [
                      {
                        "account_id": 4438271,
                        "query": "SELECT count(*) FROM Transaction  since 7 days ago FACET  weekdayOf(timestamp)"
                      }
                    ],
                    "null_values": [],
                    "row": 1,
                    "title": "bar",
                    "units": [],
                    "width": 6,
                    "y_axis_left_max": 0,
                    "y_axis_left_min": 0
                  }
                ],
                "widget_billboard": [
                  {
                    "colors": [],
                    "column": 1,
                    "critical": "",
                    "facet_show_other_series": false,
                    "height": 3,
                    "id": "268867885",
                    "ignore_time_range": false,
                    "legend_enabled": true,
                    "nrql_query": [
                      {
                        "account_id": 4438271,
                        "query": "SELECT average(duration) FROM SyntheticCheck WHERE monitorName = 'pingcheck'FACET location"
                      }
                    ],
                    "null_values": [],
                    "row": 1,
                    "title": "billboard",
                    "units": [],
                    "warning": "",
                    "width": 6,
                    "y_axis_left_max": 0,
                    "y_axis_left_min": 0
                  },
                  {
                    "colors": [],
                    "column": 1,
                    "critical": "",
                    "facet_show_other_series": false,
                    "height": 3,
                    "id": "268867886",
                    "ignore_time_range": false,
                    "legend_enabled": true,
                    "nrql_query": [
                      {
                        "account_id": 4438271,
                        "query": "SELECT average(duration) FROM SyntheticCheck WHERE monitorName = 'pingcheck'FACET location"
                      }
                    ],
                    "null_values": [],
                    "row": 1,
                    "title": "Billboard",
                    "units": [],
                    "warning": "",
                    "width": 6,
                    "y_axis_left_max": 0,
                    "y_axis_left_min": 0
                  }
                ],
                "widget_bullet": [],
                "widget_funnel": [],
                "widget_heatmap": [],
                "widget_histogram": [],
                "widget_json": [],
                "widget_line": [
                  {
                    "colors": [],
                    "column": 7,
                    "facet_show_other_series": false,
                    "height": 3,
                    "id": "268867887",
                    "ignore_time_range": false,
                    "is_label_visible": false,
                    "legend_enabled": true,
                    "nrql_query": [
                      {
                        "account_id": 4438271,
                        "query": "SELECT count(*) from Transaction WHERE appName='mmt-blog'  SINCE  7 day ago TIMESERIES"
                      }
                    ],
                    "null_values": [],
                    "row": 4,
                    "threshold": [],
                    "title": "line chart",
                    "units": [],
                    "width": 6,
                    "y_axis_left_max": 0,
                    "y_axis_left_min": 0,
                    "y_axis_left_zero": false,
                    "y_axis_right": []
                  },
                  {
                    "colors": [],
                    "column": 7,
                    "facet_show_other_series": false,
                    "height": 3,
                    "id": "268867888",
                    "ignore_time_range": false,
                    "is_label_visible": false,
                    "legend_enabled": true,
                    "nrql_query": [
                      {
                        "account_id": 4438271,
                        "query": "SELECT count(*) from Transaction WHERE appName='mmt-blog'  SINCE  7 day ago TIMESERIES"
                      }
                    ],
                    "null_values": [],
                    "row": 4,
                    "threshold": [],
                    "title": "line chart",
                    "units": [],
                    "width": 6,
                    "y_axis_left_max": 0,
                    "y_axis_left_min": 0,
                    "y_axis_left_zero": false,
                    "y_axis_right": []
                  }
                ],
                "widget_log_table": [],
                "widget_markdown": [
                  {
                    "colors": [],
                    "column": 1,
                    "facet_show_other_series": false,
                    "height": 3,
                    "id": "268867889",
                    "ignore_time_range": false,
                    "legend_enabled": true,
                    "null_values": [],
                    "row": 7,
                    "text": "### Helpful Links\n\n* [New Relic One](https://one.newrelic.com)\n* [Developer Portal](https://developer.newrelic.com)",
                    "title": "### Helpful Links\n\n* [New Relic One](https://one.newrelic.com)\n* [Developer Portal](https://developer.newrelic.com)",
                    "units": [],
                    "width": 12,
                    "y_axis_left_max": 0,
                    "y_axis_left_min": 0
                  },
                  {
                    "colors": [],
                    "column": 1,
                    "facet_show_other_series": false,
                    "height": 3,
                    "id": "268867890",
                    "ignore_time_range": false,
                    "legend_enabled": true,
                    "null_values": [],
                    "row": 7,
                    "text": "### Helpful Links\n\n* [New Relic One](https://one.newrelic.com)\n* [Developer Portal](https://developer.newrelic.com)",
                    "title": "### Helpful Links\n\n* [New Relic One](https://one.newrelic.com)\n* [Developer Portal](https://developer.newrelic.com)",
                    "units": [],
                    "width": 12,
                    "y_axis_left_max": 0,
                    "y_axis_left_min": 0
                  }
                ],
                "widget_pie": [],
                "widget_stacked_bar": [],
                "widget_table": [
                  {
                    "colors": [],
                    "column": 1,
                    "facet_show_other_series": false,
                    "filter_current_dashboard": false,
                    "height": 3,
                    "id": "268867891",
                    "ignore_time_range": false,
                    "legend_enabled": true,
                    "linked_entity_guids": [],
                    "nrql_query": [
                      {
                        "account_id": 4438271,
                        "query": "SELECT count(*), average(duration), max(duration), min(duration) FROM Transaction FACET name SINCE 7 day ago"
                      }
                    ],
                    "null_values": [],
                    "row": 13,
                    "threshold": [],
                    "title": "Table chart",
                    "units": [],
                    "width": 6,
                    "y_axis_left_max": 0,
                    "y_axis_left_min": 0
                  },
                  {
                    "colors": [],
                    "column": 1,
                    "facet_show_other_series": false,
                    "filter_current_dashboard": false,
                    "height": 3,
                    "id": "268867892",
                    "ignore_time_range": false,
                    "legend_enabled": true,
                    "linked_entity_guids": [],
                    "nrql_query": [
                      {
                        "account_id": 4438271,
                        "query": "SELECT count(*), average(duration), max(duration), min(duration) FROM Transaction FACET name SINCE 7 day ago"
                      }
                    ],
                    "null_values": [],
                    "row": 13,
                    "threshold": [],
                    "title": "Table chart",
                    "units": [],
                    "width": 6,
                    "y_axis_left_max": 0,
                    "y_axis_left_min": 0
                  }
                ]
              }
            ],
            "permalink": "https://one.newrelic.com/redirect/entity/NDQzODI3MXxWSVp8REFTSEJPQVJEfGRhOjY1MDE3MjU",
            "permissions": "public_read_only",
            "variable": []
          },
          "sensitive_attributes": [],
          "private": "bnVsbA=="
        }
      ]
    }
  ],
  "check_results": null
}
